
Microsoft Visual Studio Solution File, Format Version 12.00
# Visual Studio Version 16
VisualStudioVersion = 16.0.30114.105
MinimumVisualStudioVersion = 10.0.40219.1
Project("{9A19103F-16F7-4668-BE54-9A1E7A4F7556}") = "FreneticDiscordBot", "FreneticDiscordBot.csproj", "{B915C94D-BD98-44FE-BD4F-92714ABE6E55}"
EndProject
Project("{9A19103F-16F7-4668-BE54-9A1E7A4F7556}") = "FreneticUtilities", "FreneticUtilities\FreneticUtilities\FreneticUtilities.csproj", "{1DB47D6A-4225-4F25-8559-2C6292496953}"
EndProject
Global
	GlobalSection(SolutionConfigurationPlatforms) = preSolution
		Debug|Any CPU = Debug|Any CPU
		Release|Any CPU = Release|Any CPU
	EndGlobalSection
	GlobalSection(ProjectConfigurationPlatforms) = postSolution
		{B915C94D-BD98-44FE-BD4F-92714ABE6E55}.Debug|Any CPU.ActiveCfg = Debug|Any CPU
		{B915C94D-BD98-44FE-BD4F-92714ABE6E55}.Debug|Any CPU.Build.0 = Debug|Any CPU
		{B915C94D-BD98-44FE-BD4F-92714ABE6E55}.Release|Any CPU.ActiveCfg = Release|Any CPU
		{B915C94D-BD98-44FE-BD4F-92714ABE6E55}.Release|Any CPU.Build.0 = Release|Any CPU
		{1DB47D6A-4225-4F25-8559-2C6292496953}.Debug|Any CPU.ActiveCfg = DebugNetCore|Any CPU
		{1DB47D6A-4225-4F25-8559-2C6292496953}.Debug|Any CPU.Build.0 = DebugNetCore|Any CPU
		{1DB47D6A-4225-4F25-8559-2C6292496953}.Release|Any CPU.ActiveCfg = Release|Any CPU
		{1DB47D6A-4225-4F25-8559-2C6292496953}.Release|Any CPU.Build.0 = Release|Any CPU
	EndGlobalSection
	GlobalSection(SolutionProperties) = preSolution
		HideSolutionNode = FALSE
	EndGlobalSection
	GlobalSection(ExtensibilityGlobals) = postSolution
		SolutionGuid = {044DA5E0-E11F-4342-B37E-435D08729300}
	EndGlobalSection
EndGlobal
